lockfileVersion: '9.0'

settings:
  autoInstallPeers: true
  excludeLinksFromLockfile: false

importers:

  .: {}

  apps/halo:
    dependencies:
      '@ecf/http':
        specifier: workspace:*
        version: link:../../packages/http
      '@ecf/validation':
        specifier: workspace:*
        version: link:../../packages/validation
      '@ecf/view':
        specifier: workspace:*
        version: link:../../packages/view

  apps/nexus:
    dependencies:
      '@ecf/core':
        specifier: workspace:*
        version: link:../../packages/core
      '@ecf/database':
        specifier: workspace:*
        version: link:../../packages/database
      '@ecf/http':
        specifier: workspace:*
        version: link:../../packages/http
      '@ecf/validation':
        specifier: workspace:*
        version: link:../../packages/validation
      '@ecf/view':
        specifier: workspace:*
        version: link:../../packages/view

  packages/cli:
    dependencies:
      '@ecf/core':
        specifier: workspace:*
        version: link:../core
      '@ecf/database':
        specifier: workspace:*
        version: link:../database
      '@ecf/http':
        specifier: workspace:*
        version: link:../http
      '@ecf/skeleton':
        specifier: workspace:*
        version: link:../skeleton
      '@ecf/view':
        specifier: workspace:*
        version: link:../view

  packages/console:
    dependencies:
      '@ecf/core':
        specifier: workspace:*
        version: link:../core
      '@ecf/support':
        specifier: workspace:*
        version: link:../support

  packages/core: {}

  packages/database:
    dependencies:
      '@ecf/core':
        specifier: workspace:*
        version: link:../core

  packages/events:
    dependencies:
      '@ecf/core':
        specifier: workspace:*
        version: link:../core
      '@ecf/support':
        specifier: workspace:*
        version: link:../support

  packages/http:
    dependencies:
      '@ecf/core':
        specifier: workspace:*
        version: link:../core
      '@ecf/validation':
        specifier: workspace:*
        version: link:../validation

  packages/skeleton:
    dependencies:
      '@ecf/core':
        specifier: workspace:*
        version: link:../core
      '@ecf/database':
        specifier: workspace:*
        version: link:../database
      '@ecf/http':
        specifier: workspace:*
        version: link:../http
      '@ecf/validation':
        specifier: workspace:*
        version: link:../validation
      '@ecf/view':
        specifier: workspace:*
        version: link:../view

  packages/support: {}

  packages/validation: {}

  packages/view:
    dependencies:
      '@ecf/core':
        specifier: workspace:*
        version: link:../core
      '@ecf/http':
        specifier: workspace:*
        version: link:../http
