lockfileVersion: '9.0'

settings:
  autoInstallPeers: true
  excludeLinksFromLockfile: false

importers:

  .: {}

  apps/halo:
    dependencies:
      '@ecf/http':
        specifier: workspace:*
        version: link:../../packages/http
      '@ecf/validation':
        specifier: workspace:*
        version: link:../../packages/validation
      '@ecf/view':
        specifier: workspace:*
        version: link:../../packages/view

  packages/core:
    devDependencies:
      '@ecf/http':
        specifier: workspace:*
        version: link:../http

  packages/http:
    dependencies:
      '@ecf/core':
        specifier: workspace:*
        version: link:../core
      '@ecf/validation':
        specifier: workspace:*
        version: link:../validation

  packages/validation: {}

  packages/view:
    dependencies:
      '@ecf/core':
        specifier: workspace:*
        version: link:../core
      '@ecf/http':
        specifier: workspace:*
        version: link:../http
